
Microsoft Visual Studio Solution File, Format Version 12.00
# Visual Studio Version 16
VisualStudioVersion = 16.0.29613.14
MinimumVisualStudioVersion = 10.0.40219.1
Project("{FAE04EC0-301F-11D3-BF4B-00C04F79EFBC}") = "Ar Condicionado - Design Pattern Factory", "Ar Condicionado - Design Pattern Factory.csproj", "{17CC96B7-3F7E-42D1-801B-BE768D8B98B0}"
EndProject
Global
	GlobalSection(SolutionConfigurationPlatforms) = preSolution
		Debug|Any CPU = Debug|Any CPU
		Release|Any CPU = Release|Any CPU
	EndGlobalSection
	GlobalSection(ProjectConfigurationPlatforms) = postSolution
		{17CC96B7-3F7E-42D1-801B-BE768D8B98B0}.Debug|Any CPU.ActiveCfg = Debug|Any CPU
		{17CC96B7-3F7E-42D1-801B-BE768D8B98B0}.Debug|Any CPU.Build.0 = Debug|Any CPU
		{17CC96B7-3F7E-42D1-801B-BE768D8B98B0}.Release|Any CPU.ActiveCfg = Release|Any CPU
		{17CC96B7-3F7E-42D1-801B-BE768D8B98B0}.Release|Any CPU.Build.0 = Release|Any CPU
	EndGlobalSection
	GlobalSection(SolutionProperties) = preSolution
		HideSolutionNode = FALSE
	EndGlobalSection
	GlobalSection(ExtensibilityGlobals) = postSolution
		SolutionGuid = {24363750-BE1F-475F-AEB8-E0930C8C7D5F}
	EndGlobalSection
EndGlobal
